
Microsoft Visual Studio Solution File, Format Version 12.00
# Visual Studio 2012
Project("{FAE04EC0-301F-11D3-BF4B-00C04F79EFBC}") = "recls.Core", "src\recls.Core\recls.Core.csproj", "{D6759E7B-3B30-46F5-B3E9-9E40CBE6BA13}"
EndProject
Project("{FAE04EC0-301F-11D3-BF4B-00C04F79EFBC}") = "Test.Unit.recls.Core", "test\unit\Test.Unit.recls.Core\Test.Unit.recls.Core.csproj", "{59EBEBF5-20DB-40D7-9EE9-86BC5B671C7D}"
	ProjectSection(ProjectDependencies) = postProject
		{D6759E7B-3B30-46F5-B3E9-9E40CBE6BA13} = {D6759E7B-3B30-46F5-B3E9-9E40CBE6BA13}
	EndProjectSection
EndProject
Project("{2150E333-8FDC-42A3-9474-1A3956D46DE8}") = "Solution Items", "Solution Items", "{1F9D291F-3DBD-4906-AA36-7A1DD8F30DB4}"
	ProjectSection(SolutionItems) = preProject
		Local.testsettings = Local.testsettings
		recls.NET.vsmdi = recls.NET.vsmdi
		TraceAndTestImpact.testsettings = TraceAndTestImpact.testsettings
	EndProjectSection
EndProject
Project("{FAE04EC0-301F-11D3-BF4B-00C04F79EFBC}") = "DirectoryEntryCountFrequencyAnalyser", "examples\DirectoryEntryCountFrequencyAnalyser\DirectoryEntryCountFrequencyAnalyser.csproj", "{58CBAA1C-5F1A-4CB7-8371-D949335FAA2B}"
EndProject
Project("{FAE04EC0-301F-11D3-BF4B-00C04F79EFBC}") = "FindCertainSmallExecutablesAndReportInaccessibilities", "examples\FindCertainSmallExecutablesAndReportInaccessibilities\FindCertainSmallExecutablesAndReportInaccessibilities.csproj", "{B17561D7-611E-4DB1-BF88-648108C6A0CE}"
	ProjectSection(ProjectDependencies) = postProject
		{D6759E7B-3B30-46F5-B3E9-9E40CBE6BA13} = {D6759E7B-3B30-46F5-B3E9-9E40CBE6BA13}
	EndProjectSection
EndProject
Project("{FAE04EC0-301F-11D3-BF4B-00C04F79EFBC}") = "FindEmptyDirectories", "examples\FindEmptyDirectories\FindEmptyDirectories.csproj", "{60FF4F0E-B340-43D7-A40C-0F3ECADCDEC0}"
	ProjectSection(ProjectDependencies) = postProject
		{D6759E7B-3B30-46F5-B3E9-9E40CBE6BA13} = {D6759E7B-3B30-46F5-B3E9-9E40CBE6BA13}
	EndProjectSection
EndProject
Project("{FAE04EC0-301F-11D3-BF4B-00C04F79EFBC}") = "FindLargestMatchingFile", "examples\FindLargestMatchingFile\FindLargestMatchingFile.csproj", "{958506CF-365C-40B4-8E76-E2ABB2E3B149}"
EndProject
Project("{FAE04EC0-301F-11D3-BF4B-00C04F79EFBC}") = "FindWindowsFontFiles", "examples\FindWindowsFontFiles\FindWindowsFontFiles.csproj", "{33B8A21B-BCBB-480B-919D-F3B6F9B5DD13}"
EndProject
Project("{FAE04EC0-301F-11D3-BF4B-00C04F79EFBC}") = "ListInaccessibleDirectories", "examples\ListInaccessibleDirectories\ListInaccessibleDirectories.csproj", "{76422146-53E7-4EEA-9634-FC38BEA62192}"
EndProject
Project("{FAE04EC0-301F-11D3-BF4B-00C04F79EFBC}") = "ShowImmediateDirectoriesTotalSizes", "examples\ShowImmediateDirectoriesTotalSizes\ShowImmediateDirectoriesTotalSizes.csproj", "{CF42F631-46CC-43B0-8B0F-A6329BA2352D}"
EndProject
Project("{FAE04EC0-301F-11D3-BF4B-00C04F79EFBC}") = "StatAFile", "examples\StatAFile\StatAFile.csproj", "{C07D9DE6-8768-4730-A033-8CFEA5035D1E}"
EndProject
Project("{2150E333-8FDC-42A3-9474-1A3956D46DE8}") = "examples", "examples", "{6B02CDF2-808A-4AF5-BC4A-BD8DF72576B0}"
EndProject
Project("{2150E333-8FDC-42A3-9474-1A3956D46DE8}") = "libraries", "libraries", "{9FB35102-162D-4D8A-BDC1-52723B40479A}"
EndProject
Project("{2150E333-8FDC-42A3-9474-1A3956D46DE8}") = "test", "test", "{DC4642E2-030E-4F21-9565-76D3E3F25C99}"
EndProject
Project("{2150E333-8FDC-42A3-9474-1A3956D46DE8}") = "component", "component", "{9A833437-6840-4222-AA7E-71B928B62D7A}"
EndProject
Project("{2150E333-8FDC-42A3-9474-1A3956D46DE8}") = "scratch", "scratch", "{FDBA6FA5-2D72-4DCE-9E52-CCB3D5237FE7}"
EndProject
Project("{2150E333-8FDC-42A3-9474-1A3956D46DE8}") = "unit", "unit", "{A36748DE-827E-4B64-B9C5-052A472F66D8}"
EndProject
Project("{FAE04EC0-301F-11D3-BF4B-00C04F79EFBC}") = "SimpleSearchApplication", "examples\SimpleSearchApplication\SimpleSearchApplication.csproj", "{9DD6CF57-03BB-49B9-90C7-8A279083200E}"
EndProject
Project("{FAE04EC0-301F-11D3-BF4B-00C04F79EFBC}") = "recls.SearchControls", "src\recls.SearchControls\recls.SearchControls.csproj", "{02B4349E-F69E-48F3-A673-707DDF986AF4}"
EndProject
Project("{FAE04EC0-301F-11D3-BF4B-00C04F79EFBC}") = "Test.Component.FileSearcher", "test\component\Test.Component.FileSearcher\Test.Component.FileSearcher.csproj", "{70F04645-C2C6-4E76-8658-B82AEA7C758B}"
EndProject
Project("{FAE04EC0-301F-11D3-BF4B-00C04F79EFBC}") = "Test.Component.SearchingInNonexistentDirectory", "test\component\Test.Component.SearchingInNonexistentDirectory\Test.Component.SearchingInNonexistentDirectory.csproj", "{5C38ACA6-ADE9-41E7-A6FB-24B5D8C57C18}"
EndProject
Global
	GlobalSection(TestCaseManagementSettings) = postSolution
		CategoryFile = recls.NET.vsmdi
	EndGlobalSection
	GlobalSection(SolutionConfigurationPlatforms) = preSolution
		Debug pseudoUNIX|Any CPU = Debug pseudoUNIX|Any CPU
		Debug|Any CPU = Debug|Any CPU
		Release|Any CPU = Release|Any CPU
	EndGlobalSection
	GlobalSection(ProjectConfigurationPlatforms) = postSolution
		{D6759E7B-3B30-46F5-B3E9-9E40CBE6BA13}.Debug pseudoUNIX|Any CPU.ActiveCfg = Debug pseudoUNIX|Any CPU
		{D6759E7B-3B30-46F5-B3E9-9E40CBE6BA13}.Debug pseudoUNIX|Any CPU.Build.0 = Debug pseudoUNIX|Any CPU
		{D6759E7B-3B30-46F5-B3E9-9E40CBE6BA13}.Debug|Any CPU.ActiveCfg = Debug|Any CPU
		{D6759E7B-3B30-46F5-B3E9-9E40CBE6BA13}.Debug|Any CPU.Build.0 = Debug|Any CPU
		{D6759E7B-3B30-46F5-B3E9-9E40CBE6BA13}.Release|Any CPU.ActiveCfg = Release|Any CPU
		{D6759E7B-3B30-46F5-B3E9-9E40CBE6BA13}.Release|Any CPU.Build.0 = Release|Any CPU
		{59EBEBF5-20DB-40D7-9EE9-86BC5B671C7D}.Debug pseudoUNIX|Any CPU.ActiveCfg = Debug|Any CPU
		{59EBEBF5-20DB-40D7-9EE9-86BC5B671C7D}.Debug|Any CPU.ActiveCfg = Debug|Any CPU
		{59EBEBF5-20DB-40D7-9EE9-86BC5B671C7D}.Debug|Any CPU.Build.0 = Debug|Any CPU
		{59EBEBF5-20DB-40D7-9EE9-86BC5B671C7D}.Release|Any CPU.ActiveCfg = Release|Any CPU
		{59EBEBF5-20DB-40D7-9EE9-86BC5B671C7D}.Release|Any CPU.Build.0 = Release|Any CPU
		{58CBAA1C-5F1A-4CB7-8371-D949335FAA2B}.Debug pseudoUNIX|Any CPU.ActiveCfg = Debug|Any CPU
		{58CBAA1C-5F1A-4CB7-8371-D949335FAA2B}.Debug|Any CPU.ActiveCfg = Debug|Any CPU
		{58CBAA1C-5F1A-4CB7-8371-D949335FAA2B}.Debug|Any CPU.Build.0 = Debug|Any CPU
		{58CBAA1C-5F1A-4CB7-8371-D949335FAA2B}.Release|Any CPU.ActiveCfg = Release|Any CPU
		{58CBAA1C-5F1A-4CB7-8371-D949335FAA2B}.Release|Any CPU.Build.0 = Release|Any CPU
		{B17561D7-611E-4DB1-BF88-648108C6A0CE}.Debug pseudoUNIX|Any CPU.ActiveCfg = Debug|Any CPU
		{B17561D7-611E-4DB1-BF88-648108C6A0CE}.Debug|Any CPU.ActiveCfg = Debug|Any CPU
		{B17561D7-611E-4DB1-BF88-648108C6A0CE}.Debug|Any CPU.Build.0 = Debug|Any CPU
		{B17561D7-611E-4DB1-BF88-648108C6A0CE}.Release|Any CPU.ActiveCfg = Release|Any CPU
		{B17561D7-611E-4DB1-BF88-648108C6A0CE}.Release|Any CPU.Build.0 = Release|Any CPU
		{60FF4F0E-B340-43D7-A40C-0F3ECADCDEC0}.Debug pseudoUNIX|Any CPU.ActiveCfg = Debug|Any CPU
		{60FF4F0E-B340-43D7-A40C-0F3ECADCDEC0}.Debug|Any CPU.ActiveCfg = Debug|Any CPU
		{60FF4F0E-B340-43D7-A40C-0F3ECADCDEC0}.Debug|Any CPU.Build.0 = Debug|Any CPU
		{60FF4F0E-B340-43D7-A40C-0F3ECADCDEC0}.Release|Any CPU.ActiveCfg = Release|Any CPU
		{60FF4F0E-B340-43D7-A40C-0F3ECADCDEC0}.Release|Any CPU.Build.0 = Release|Any CPU
		{958506CF-365C-40B4-8E76-E2ABB2E3B149}.Debug pseudoUNIX|Any CPU.ActiveCfg = Debug|Any CPU
		{958506CF-365C-40B4-8E76-E2ABB2E3B149}.Debug|Any CPU.ActiveCfg = Debug|Any CPU
		{958506CF-365C-40B4-8E76-E2ABB2E3B149}.Debug|Any CPU.Build.0 = Debug|Any CPU
		{958506CF-365C-40B4-8E76-E2ABB2E3B149}.Release|Any CPU.ActiveCfg = Release|Any CPU
		{958506CF-365C-40B4-8E76-E2ABB2E3B149}.Release|Any CPU.Build.0 = Release|Any CPU
		{33B8A21B-BCBB-480B-919D-F3B6F9B5DD13}.Debug pseudoUNIX|Any CPU.ActiveCfg = Debug|Any CPU
		{33B8A21B-BCBB-480B-919D-F3B6F9B5DD13}.Debug|Any CPU.ActiveCfg = Debug|Any CPU
		{33B8A21B-BCBB-480B-919D-F3B6F9B5DD13}.Debug|Any CPU.Build.0 = Debug|Any CPU
		{33B8A21B-BCBB-480B-919D-F3B6F9B5DD13}.Release|Any CPU.ActiveCfg = Release|Any CPU
		{33B8A21B-BCBB-480B-919D-F3B6F9B5DD13}.Release|Any CPU.Build.0 = Release|Any CPU
		{76422146-53E7-4EEA-9634-FC38BEA62192}.Debug pseudoUNIX|Any CPU.ActiveCfg = Debug|Any CPU
		{76422146-53E7-4EEA-9634-FC38BEA62192}.Debug|Any CPU.ActiveCfg = Debug|Any CPU
		{76422146-53E7-4EEA-9634-FC38BEA62192}.Debug|Any CPU.Build.0 = Debug|Any CPU
		{76422146-53E7-4EEA-9634-FC38BEA62192}.Release|Any CPU.ActiveCfg = Release|Any CPU
		{76422146-53E7-4EEA-9634-FC38BEA62192}.Release|Any CPU.Build.0 = Release|Any CPU
		{CF42F631-46CC-43B0-8B0F-A6329BA2352D}.Debug pseudoUNIX|Any CPU.ActiveCfg = Debug|Any CPU
		{CF42F631-46CC-43B0-8B0F-A6329BA2352D}.Debug|Any CPU.ActiveCfg = Debug|Any CPU
		{CF42F631-46CC-43B0-8B0F-A6329BA2352D}.Debug|Any CPU.Build.0 = Debug|Any CPU
		{CF42F631-46CC-43B0-8B0F-A6329BA2352D}.Release|Any CPU.ActiveCfg = Release|Any CPU
		{CF42F631-46CC-43B0-8B0F-A6329BA2352D}.Release|Any CPU.Build.0 = Release|Any CPU
		{C07D9DE6-8768-4730-A033-8CFEA5035D1E}.Debug pseudoUNIX|Any CPU.ActiveCfg = Debug|Any CPU
		{C07D9DE6-8768-4730-A033-8CFEA5035D1E}.Debug|Any CPU.ActiveCfg = Debug|Any CPU
		{C07D9DE6-8768-4730-A033-8CFEA5035D1E}.Debug|Any CPU.Build.0 = Debug|Any CPU
		{C07D9DE6-8768-4730-A033-8CFEA5035D1E}.Release|Any CPU.ActiveCfg = Release|Any CPU
		{C07D9DE6-8768-4730-A033-8CFEA5035D1E}.Release|Any CPU.Build.0 = Release|Any CPU
		{9DD6CF57-03BB-49B9-90C7-8A279083200E}.Debug pseudoUNIX|Any CPU.ActiveCfg = Debug|Any CPU
		{9DD6CF57-03BB-49B9-90C7-8A279083200E}.Debug|Any CPU.ActiveCfg = Debug|Any CPU
		{9DD6CF57-03BB-49B9-90C7-8A279083200E}.Release|Any CPU.ActiveCfg = Release|Any CPU
		{02B4349E-F69E-48F3-A673-707DDF986AF4}.Debug pseudoUNIX|Any CPU.ActiveCfg = Debug|Any CPU
		{02B4349E-F69E-48F3-A673-707DDF986AF4}.Debug|Any CPU.ActiveCfg = Debug|Any CPU
		{02B4349E-F69E-48F3-A673-707DDF986AF4}.Release|Any CPU.ActiveCfg = Release|Any CPU
		{70F04645-C2C6-4E76-8658-B82AEA7C758B}.Debug pseudoUNIX|Any CPU.ActiveCfg = Debug pseudoUnix|Any CPU
		{70F04645-C2C6-4E76-8658-B82AEA7C758B}.Debug pseudoUNIX|Any CPU.Build.0 = Debug pseudoUnix|Any CPU
		{70F04645-C2C6-4E76-8658-B82AEA7C758B}.Debug|Any CPU.ActiveCfg = Debug|Any CPU
		{70F04645-C2C6-4E76-8658-B82AEA7C758B}.Debug|Any CPU.Build.0 = Debug|Any CPU
		{70F04645-C2C6-4E76-8658-B82AEA7C758B}.Release|Any CPU.ActiveCfg = Release|Any CPU
		{70F04645-C2C6-4E76-8658-B82AEA7C758B}.Release|Any CPU.Build.0 = Release|Any CPU
		{5C38ACA6-ADE9-41E7-A6FB-24B5D8C57C18}.Debug pseudoUNIX|Any CPU.ActiveCfg = Debug|Any CPU
		{5C38ACA6-ADE9-41E7-A6FB-24B5D8C57C18}.Debug pseudoUNIX|Any CPU.Build.0 = Debug|Any CPU
		{5C38ACA6-ADE9-41E7-A6FB-24B5D8C57C18}.Debug|Any CPU.ActiveCfg = Debug|Any CPU
		{5C38ACA6-ADE9-41E7-A6FB-24B5D8C57C18}.Debug|Any CPU.Build.0 = Debug|Any CPU
		{5C38ACA6-ADE9-41E7-A6FB-24B5D8C57C18}.Release|Any CPU.ActiveCfg = Release|Any CPU
		{5C38ACA6-ADE9-41E7-A6FB-24B5D8C57C18}.Release|Any CPU.Build.0 = Release|Any CPU
	EndGlobalSection
	GlobalSection(SolutionProperties) = preSolution
		HideSolutionNode = FALSE
	EndGlobalSection
	GlobalSection(NestedProjects) = preSolution
		{D6759E7B-3B30-46F5-B3E9-9E40CBE6BA13} = {9FB35102-162D-4D8A-BDC1-52723B40479A}
		{02B4349E-F69E-48F3-A673-707DDF986AF4} = {9FB35102-162D-4D8A-BDC1-52723B40479A}
		{A36748DE-827E-4B64-B9C5-052A472F66D8} = {DC4642E2-030E-4F21-9565-76D3E3F25C99}
		{9A833437-6840-4222-AA7E-71B928B62D7A} = {DC4642E2-030E-4F21-9565-76D3E3F25C99}
		{FDBA6FA5-2D72-4DCE-9E52-CCB3D5237FE7} = {DC4642E2-030E-4F21-9565-76D3E3F25C99}
		{B17561D7-611E-4DB1-BF88-648108C6A0CE} = {6B02CDF2-808A-4AF5-BC4A-BD8DF72576B0}
		{60FF4F0E-B340-43D7-A40C-0F3ECADCDEC0} = {6B02CDF2-808A-4AF5-BC4A-BD8DF72576B0}
		{958506CF-365C-40B4-8E76-E2ABB2E3B149} = {6B02CDF2-808A-4AF5-BC4A-BD8DF72576B0}
		{33B8A21B-BCBB-480B-919D-F3B6F9B5DD13} = {6B02CDF2-808A-4AF5-BC4A-BD8DF72576B0}
		{76422146-53E7-4EEA-9634-FC38BEA62192} = {6B02CDF2-808A-4AF5-BC4A-BD8DF72576B0}
		{CF42F631-46CC-43B0-8B0F-A6329BA2352D} = {6B02CDF2-808A-4AF5-BC4A-BD8DF72576B0}
		{C07D9DE6-8768-4730-A033-8CFEA5035D1E} = {6B02CDF2-808A-4AF5-BC4A-BD8DF72576B0}
		{58CBAA1C-5F1A-4CB7-8371-D949335FAA2B} = {6B02CDF2-808A-4AF5-BC4A-BD8DF72576B0}
		{9DD6CF57-03BB-49B9-90C7-8A279083200E} = {6B02CDF2-808A-4AF5-BC4A-BD8DF72576B0}
		{59EBEBF5-20DB-40D7-9EE9-86BC5B671C7D} = {A36748DE-827E-4B64-B9C5-052A472F66D8}
		{70F04645-C2C6-4E76-8658-B82AEA7C758B} = {9A833437-6840-4222-AA7E-71B928B62D7A}
		{5C38ACA6-ADE9-41E7-A6FB-24B5D8C57C18} = {9A833437-6840-4222-AA7E-71B928B62D7A}
	EndGlobalSection
EndGlobal
